// !$*UTF8*$!
{
	archiveVersion = 1;
	classes = {
	};
	objectVersion = 50;
	objects = {

/* Begin PBXBuildFile section */
		4207047120FCE01B000CE687 /* art.scnassets in Resources */ = {isa = PBXBuildFile; fileRef = 4207047020FCE01B000CE687 /* art.scnassets */; };
		423A936720FA53DB00B6ABE2 /* AppDelegate.swift in Sources */ = {isa = PBXBuildFile; fileRef = 423A936620FA53DB00B6ABE2 /* AppDelegate.swift */; };
		423A936920FA53DB00B6ABE2 /* ViewController.swift in Sources */ = {isa = PBXBuildFile; fileRef = 423A936820FA53DB00B6ABE2 /* ViewController.swift */; };
		423A936C20FA53DB00B6ABE2 /* Main.storyboard in Resources */ = {isa = PBXBuildFile; fileRef = 423A936A20FA53DB00B6ABE2 /* Main.storyboard */; };
		423A936F20FA53DB00B6ABE2 /* CardARKit.xcdatamodeld in Sources */ = {isa = PBXBuildFile; fileRef = 423A936D20FA53DB00B6ABE2 /* CardARKit.xcdatamodeld */; };
		423A937120FA53DE00B6ABE2 /* Assets.xcassets in Resources */ = {isa = PBXBuildFile; fileRef = 423A937020FA53DE00B6ABE2 /* Assets.xcassets */; };
		423A937420FA53DE00B6ABE2 /* LaunchScreen.storyboard in Resources */ = {isa = PBXBuildFile; fileRef = 423A937220FA53DE00B6ABE2 /* LaunchScreen.storyboard */; };
/* End PBXBuildFile section */

/* Begin PBXFileReference section */
		4207047020FCE01B000CE687 /* art.scnassets */ = {isa = PBXFileReference; lastKnownFileType = wrapper.scnassets; path = art.scnassets; sourceTree = "<group>"; };
		423A936320FA53DB00B6ABE2 /* CardARKit.app */ = {isa = PBXFileReference; explicitFileType = wrapper.application; includeInIndex = 0; path = CardARKit.app; sourceTree = BUILT_PRODUCTS_DIR; };
		423A936620FA53DB00B6ABE2 /* AppDelegate.swift */ = {isa = PBXFileReference; lastKnownFileType = sourcecode.swift; path = AppDelegate.swift; sourceTree = "<group>"; };
		423A936820FA53DB00B6ABE2 /* ViewController.swift */ = {isa = PBXFileReference; lastKnownFileType = sourcecode.swift; path = ViewController.swift; sourceTree = "<group>"; };
		423A936B20FA53DB00B6ABE2 /* Base */ = {isa = PBXFileReference; lastKnownFileType = file.storyboard; name = Base; path = Base.lproj/Main.storyboard; sourceTree = "<group>"; };
		423A936E20FA53DB00B6ABE2 /* CardARKit.xcdatamodel */ = {isa = PBXFileReference; lastKnownFileType = wrapper.xcdatamodel; path = CardARKit.xcdatamodel; sourceTree = "<group>"; };
		423A937020FA53DE00B6ABE2 /* Assets.xcassets */ = {isa = PBXFileReference; lastKnownFileType = folder.assetcatalog; path = Assets.xcassets; sourceTree = "<group>"; };
		423A937320FA53DE00B6ABE2 /* Base */ = {isa = PBXFileReference; lastKnownFileType = file.storyboard; name = Base; path = Base.lproj/LaunchScreen.storyboard; sourceTree = "<group>"; };
		423A937520FA53DE00B6ABE2 /* Info.plist */ = {isa = PBXFileReference; lastKnownFileType = text.plist.xml; path = Info.plist; sourceTree = "<group>"; };
/* End PBXFileReference section */

/* Begin PBXFrameworksBuildPhase section */
		423A936020FA53DB00B6ABE2 /* Frameworks */ = {
			isa = PBXFrameworksBuildPhase;
			buildActionMask = 2147483647;
			files = (
			);
			runOnlyForDeploymentPostprocessing = 0;
		};
/* End PBXFrameworksBuildPhase section */

/* Begin PBXGroup section */
		423A935A20FA53DB00B6ABE2 = {
			isa = PBXGroup;
			children = (
				423A936520FA53DB00B6ABE2 /* CardARKit */,
				423A936420FA53DB00B6ABE2 /* Products */,
			);
			sourceTree = "<group>";
		};
		423A936420FA53DB00B6ABE2 /* Products */ = {
			isa = PBXGroup;
			children = (
				423A936320FA53DB00B6ABE2 /* CardARKit.app */,
			);
			name = Products;
			sourceTree = "<group>";
		};
		423A936520FA53DB00B6ABE2 /* CardARKit */ = {
			isa = PBXGroup;
			children = (
				4207047020FCE01B000CE687 /* art.scnassets */,
				423A936620FA53DB00B6ABE2 /* AppDelegate.swift */,
				423A936820FA53DB00B6ABE2 /* ViewController.swift */,
				423A936A20FA53DB00B6ABE2 /* Main.storyboard */,
				423A937020FA53DE00B6ABE2 /* Assets.xcassets */,
				423A937220FA53DE00B6ABE2 /* LaunchScreen.storyboard */,
				423A937520FA53DE00B6ABE2 /* Info.plist */,
				423A936D20FA53DB00B6ABE2 /* CardARKit.xcdatamodeld */,
			);
			path = CardARKit;
			sourceTree = "<group>";
		};
/* End PBXGroup section */

/* Begin PBXNativeTarget section */
		423A936220FA53DB00B6ABE2 /* CardARKit */ = {
			isa = PBXNativeTarget;
			buildConfigurationList = 423A937820FA53DE00B6ABE2 /* Build configuration list for PBXNativeTarget "CardARKit" */;
			buildPhases = (
				423A935F20FA53DB00B6ABE2 /* Sources */,
				423A936020FA53DB00B6ABE2 /* Frameworks */,
				423A936120FA53DB00B6ABE2 /* Resources */,
			);
			buildRules = (
			);
			dependencies = (
			);
			name = CardARKit;
			productName = CardARKit;
			productReference = 423A936320FA53DB00B6ABE2 /* CardARKit.app */;
			productType = "com.apple.product-type.application";
		};
/* End PBXNativeTarget section */

/* Begin PBXProject section */
		423A935B20FA53DB00B6ABE2 /* Project object */ = {
			isa = PBXProject;
			attributes = {
				LastSwiftUpdateCheck = 0940;
				LastUpgradeCheck = 0940;
				ORGANIZATIONNAME = "Larissa Ganaha";
				TargetAttributes = {
					423A936220FA53DB00B6ABE2 = {
						CreatedOnToolsVersion = 9.4.1;
					};
				};
			};
			buildConfigurationList = 423A935E20FA53DB00B6ABE2 /* Build configuration list for PBXProject "CardARKit" */;
			compatibilityVersion = "Xcode 9.3";
			developmentRegion = en;
			hasScannedForEncodings = 0;
			knownRegions = (
				en,
				Base,
			);
			mainGroup = 423A935A20FA53DB00B6ABE2;
			productRefGroup = 423A936420FA53DB00B6ABE2 /* Products */;
			projectDirPath = "";
			projectRoot = "";
			targets = (
				423A936220FA53DB00B6ABE2 /* CardARKit */,
			);
		};
/* End PBXProject section */

/* Begin PBXResourcesBuildPhase section */
		423A936120FA53DB00B6ABE2 /* Resources */ = {
			isa = PBXResourcesBuildPhase;
			buildActionMask = 2147483647;
			files = (
				423A937420FA53DE00B6ABE2 /* LaunchScreen.storyboard in Resources */,
				4207047120FCE01B000CE687 /* art.scnassets in Resources */,
				423A937120FA53DE00B6ABE2 /* Assets.xcassets in Resources */,
				423A936C20FA53DB00B6ABE2 /* Main.storyboard in Resources */,
			);
			runOnlyForDeploymentPostprocessing = 0;
		};
/* End PBXResourcesBuildPhase section */

/* Begin PBXSourcesBuildPhase section */
		423A935F20FA53DB00B6ABE2 /* Sources */ = {
			isa = PBXSourcesBuildPhase;
			buildActionMask = 2147483647;
			files = (
				423A936920FA53DB00B6ABE2 /* ViewController.swift in Sources */,
				423A936F20FA53DB00B6ABE2 /* CardARKit.xcdatamodeld in Sources */,
				423A936720FA53DB00B6ABE2 /* AppDelegate.swift in Sources */,
			);
			runOnlyForDeploymentPostprocessing = 0;
		};
/* End PBXSourcesBuildPhase section */

/* Begin PBXVariantGroup section */
		423A936A20FA53DB00B6ABE2 /* Main.storyboard */ = {
			isa = PBXVariantGroup;
			children = (
				423A936B20FA53DB00B6ABE2 /* Base */,
			);
			name = Main.storyboard;
			sourceTree = "<group>";
		};
		423A937220FA53DE00B6ABE2 /* LaunchScreen.storyboard */ = {
			isa = PBXVariantGroup;
			children = (
				423A937320FA53DE00B6ABE2 /* Base */,
			);
			name = LaunchScreen.storyboard;
			sourceTree = "<group>";
		};
/* End PBXVariantGroup section */

/* Begin XCBuildConfiguration section */
		423A937620FA53DE00B6ABE2 /* Debug */ = {
			isa = XCBuildConfiguration;
			buildSettings = {
				ALWAYS_SEARCH_USER_PATHS = NO;
				CLANG_ANALYZER_NONNULL = YES;
				CLANG_ANALYZER_NUMBER_OBJECT_CONVERSION = YES_AGGRESSIVE;
				CLANG_CXX_LANGUAGE_STANDARD = "gnu++14";
				CLANG_CXX_LIBRARY = "libc++";
				CLANG_ENABLE_MODULES = YES;
				CLANG_ENABLE_OBJC_ARC = YES;
				CLANG_ENABLE_OBJC_WEAK = YES;
				CLANG_WARN_BLOCK_CAPTURE_AUTORELEASING = YES;
				CLANG_WARN_BOOL_CONVERSION = YES;
				CLANG_WARN_COMMA = YES;
				CLANG_WARN_CONSTANT_CONVERSION = YES;
				CLANG_WARN_DEPRECATED_OBJC_IMPLEMENTATIONS = YES;
				CLANG_WARN_DIRECT_OBJC_ISA_USAGE = YES_ERROR;
				CLANG_WARN_DOCUMENTATION_COMMENTS = YES;
				CLANG_WARN_EMPTY_BODY = YES;
				CLANG_WARN_ENUM_CONVERSION = YES;
				CLANG_WARN_INFINITE_RECURSION = YES;
				CLANG_WARN_INT_CONVERSION = YES;
				CLANG_WARN_NON_LITERAL_NULL_CONVERSION = YES;
				CLANG_WARN_OBJC_IMPLICIT_RETAIN_SELF = YES;
				CLANG_WARN_OBJC_LITERAL_CONVERSION = YES;
				CLANG_WARN_OBJC_ROOT_CLASS = YES_ERROR;
				CLANG_WARN_RANGE_LOOP_ANALYSIS = YES;
				CLANG_WARN_STRICT_PROTOTYPES = YES;
				CLANG_WARN_SUSPICIOUS_MOVE = YES;
				CLANG_WARN_UNGUARDED_AVAILABILITY = YES_AGGRESSIVE;
				CLANG_WARN_UNREACHABLE_CODE = YES;
				CLANG_WARN__DUPLICATE_METHOD_MATCH = YES;
				CODE_SIGN_IDENTITY = "iPhone Developer";
				COPY_PHASE_STRIP = NO;
				DEBUG_INFORMATION_FORMAT = dwarf;
				ENABLE_STRICT_OBJC_MSGSEND = YES;
				ENABLE_TESTABILITY = YES;
				GCC_C_LANGUAGE_STANDARD = gnu11;
				GCC_DYNAMIC_NO_PIC = NO;
				GCC_NO_COMMON_BLOCKS = YES;
				GCC_OPTIMIZATION_LEVEL = 0;
				GCC_PREPROCESSOR_DEFINITIONS = (
					"DEBUG=1",
					"$(inherited)",
				);
				GCC_WARN_64_TO_32_BIT_CONVERSION = YES;
				GCC_WARN_ABOUT_RETURN_TYPE = YES_ERROR;
				GCC_WARN_UNDECLARED_SELECTOR = YES;
				GCC_WARN_UNINITIALIZED_AUTOS = YES_AGGRESSIVE;
				GCC_WARN_UNUSED_FUNCTION = YES;
				GCC_WARN_UNUSED_VARIABLE = YES;
				IPHONEOS_DEPLOYMENT_TARGET = 11.4;
				MTL_ENABLE_DEBUG_INFO = YES;
				ONLY_ACTIVE_ARCH = YES;
				SDKROOT = iphoneos;
				SWIFT_ACTIVE_COMPILATION_CONDITIONS = DEBUG;
				SWIFT_OPTIMIZATION_LEVEL = "-Onone";
			};
			name = Debug;
		};
		423A937720FA53DE00B6ABE2 /* Release */ = {
			isa = XCBuildConfiguration;
			buildSettings = {
				ALWAYS_SEARCH_USER_PATHS = NO;
				CLANG_ANALYZER_NONNULL = YES;
				CLANG_ANALYZER_NUMBER_OBJECT_CONVERSION = YES_AGGRESSIVE;
				CLANG_CXX_LANGUAGE_STANDARD = "gnu++14";
				CLANG_CXX_LIBRARY = "libc++";
				CLANG_ENABLE_MODULES = YES;
				CLANG_ENABLE_OBJC_ARC = YES;
				CLANG_ENABLE_OBJC_WEAK = YES;
				CLANG_WARN_BLOCK_CAPTURE_AUTORELEASING = YES;
				CLANG_WARN_BOOL_CONVERSION = YES;
				CLANG_WARN_COMMA = YES;
				CLANG_WARN_CONSTANT_CONVERSION = YES;
				CLANG_WARN_DEPRECATED_OBJC_IMPLEMENTATIONS = YES;
				CLANG_WARN_DIRECT_OBJC_ISA_USAGE = YES_ERROR;
				CLANG_WARN_DOCUMENTATION_COMMENTS = YES;
				CLANG_WARN_EMPTY_BODY = YES;
				CLANG_WARN_ENUM_CONVERSION = YES;
				CLANG_WARN_INFINITE_RECURSION = YES;
				CLANG_WARN_INT_CONVERSION = YES;
				CLANG_WARN_NON_LITERAL_NULL_CONVERSION = YES;
				CLANG_WARN_OBJC_IMPLICIT_RETAIN_SELF = YES;
				CLANG_WARN_OBJC_LITERAL_CONVERSION = YES;
				CLANG_WARN_OBJC_ROOT_CLASS = YES_ERROR;
				CLANG_WARN_RANGE_LOOP_ANALYSIS = YES;
				CLANG_WARN_STRICT_PROTOTYPES = YES;
				CLANG_WARN_SUSPICIOUS_MOVE = YES;
				CLANG_WARN_UNGUARDED_AVAILABILITY = YES_AGGRESSIVE;
				CLANG_WARN_UNREACHABLE_CODE = YES;
				CLANG_WARN__DUPLICATE_METHOD_MATCH = YES;
				CODE_SIGN_IDENTITY = "iPhone Developer";
				COPY_PHASE_STRIP = NO;
				DEBUG_INFORMATION_FORMAT = "dwarf-with-dsym";
				ENABLE_NS_ASSERTIONS = NO;
				ENABLE_STRICT_OBJC_MSGSEND = YES;
				GCC_C_LANGUAGE_STANDARD = gnu11;
				GCC_NO_COMMON_BLOCKS = YES;
				GCC_WARN_64_TO_32_BIT_CONVERSION = YES;
				GCC_WARN_ABOUT_RETURN_TYPE = YES_ERROR;
				GCC_WARN_UNDECLARED_SELECTOR = YES;
				GCC_WARN_UNINITIALIZED_AUTOS = YES_AGGRESSIVE;
				GCC_WARN_UNUSED_FUNCTION = YES;
				GCC_WARN_UNUSED_VARIABLE = YES;
				IPHONEOS_DEPLOYMENT_TARGET = 11.4;
				MTL_ENABLE_DEBUG_INFO = NO;
				SDKROOT = iphoneos;
				SWIFT_COMPILATION_MODE = wholemodule;
				SWIFT_OPTIMIZATION_LEVEL = "-O";
				VALIDATE_PRODUCT = YES;
			};
			name = Release;
		};
		423A937920FA53DE00B6ABE2 /* Debug */ = {
			isa = XCBuildConfiguration;
			buildSettings = {
				ASSETCATALOG_COMPILER_APPICON_NAME = AppIcon;
				CODE_SIGN_STYLE = Automatic;
				DEVELOPMENT_TEAM = 7W6V69HBWC;
				INFOPLIST_FILE = CardARKit/Info.plist;
				LD_RUNPATH_SEARCH_PATHS = (
					"$(inherited)",
					"@executable_path/Frameworks",
				);
				PRODUCT_BUNDLE_IDENTIFIER = com.ganaha.CardARKit;
				PRODUCT_NAME = "$(TARGET_NAME)";
				SWIFT_VERSION = 4.0;
				TARGETED_DEVICE_FAMILY = "1,2";
			};
			name = Debug;
		};
		423A937A20FA53DE00B6ABE2 /* Release */ = {
			isa = XCBuildConfiguration;
			buildSettings = {
				ASSETCATALOG_COMPILER_APPICON_NAME = AppIcon;
				CODE_SIGN_STYLE = Automatic;
				DEVELOPMENT_TEAM = 7W6V69HBWC;
				INFOPLIST_FILE = CardARKit/Info.plist;
				LD_RUNPATH_SEARCH_PATHS = (
					"$(inherited)",
					"@executable_path/Frameworks",
				);
				PRODUCT_BUNDLE_IDENTIFIER = com.ganaha.CardARKit;
				PRODUCT_NAME = "$(TARGET_NAME)";
				SWIFT_VERSION = 4.0;
				TARGETED_DEVICE_FAMILY = "1,2";
			};
			name = Release;
		};
/* End XCBuildConfiguration section */

/* Begin XCConfigurationList section */
		423A935E20FA53DB00B6ABE2 /* Build configuration list for PBXProject "CardARKit" */ = {
			isa = XCConfigurationList;
			buildConfigurations = (
				423A937620FA53DE00B6ABE2 /* Debug */,
				423A937720FA53DE00B6ABE2 /* Release */,
			);
			defaultConfigurationIsVisible = 0;
			defaultConfigurationName = Release;
		};
		423A937820FA53DE00B6ABE2 /* Build configuration list for PBXNativeTarget "CardARKit" */ = {
			isa = XCConfigurationList;
			buildConfigurations = (
				423A937920FA53DE00B6ABE2 /* Debug */,
				423A937A20FA53DE00B6ABE2 /* Release */,
			);
			defaultConfigurationIsVisible = 0;
			defaultConfigurationName = Release;
		};
/* End XCConfigurationList section */

/* Begin XCVersionGroup section */
		423A936D20FA53DB00B6ABE2 /* CardARKit.xcdatamodeld */ = {
			isa = XCVersionGroup;
			children = (
				423A936E20FA53DB00B6ABE2 /* CardARKit.xcdatamodel */,
			);
			currentVersion = 423A936E20FA53DB00B6ABE2 /* CardARKit.xcdatamodel */;
			path = CardARKit.xcdatamodeld;
			sourceTree = "<group>";
			versionGroupType = wrapper.xcdatamodel;
		};
/* End XCVersionGroup section */
	};
	rootObject = 423A935B20FA53DB00B6ABE2 /* Project object */;
}
